
Microsoft Visual Studio Solution File, Format Version 12.00
# Visual Studio 15
VisualStudioVersion = 15.0.28010.2016
MinimumVisualStudioVersion = 10.0.40219.1
Project("{FAE04EC0-301F-11D3-BF4B-00C04F79EFBC}") = "Jokes.Web", "Jokes.Web\Jokes.Web.csproj", "{BF7B64FB-2737-4A29-A51A-58E0B0871E0B}"
EndProject
Project("{FAE04EC0-301F-11D3-BF4B-00C04F79EFBC}") = "Jokes.Data", "Jokes.Data\Jokes.Data.csproj", "{633FCE84-629D-46B8-A5C7-5420D67EAF0F}"
EndProject
Global
	GlobalSection(SolutionConfigurationPlatforms) = preSolution
		Debug|Any CPU = Debug|Any CPU
		Release|Any CPU = Release|Any CPU
	EndGlobalSection
	GlobalSection(ProjectConfigurationPlatforms) = postSolution
		{BF7B64FB-2737-4A29-A51A-58E0B0871E0B}.Debug|Any CPU.ActiveCfg = Debug|Any CPU
		{BF7B64FB-2737-4A29-A51A-58E0B0871E0B}.Debug|Any CPU.Build.0 = Debug|Any CPU
		{BF7B64FB-2737-4A29-A51A-58E0B0871E0B}.Release|Any CPU.ActiveCfg = Release|Any CPU
		{BF7B64FB-2737-4A29-A51A-58E0B0871E0B}.Release|Any CPU.Build.0 = Release|Any CPU
		{633FCE84-629D-46B8-A5C7-5420D67EAF0F}.Debug|Any CPU.ActiveCfg = Debug|Any CPU
		{633FCE84-629D-46B8-A5C7-5420D67EAF0F}.Debug|Any CPU.Build.0 = Debug|Any CPU
		{633FCE84-629D-46B8-A5C7-5420D67EAF0F}.Release|Any CPU.ActiveCfg = Release|Any CPU
		{633FCE84-629D-46B8-A5C7-5420D67EAF0F}.Release|Any CPU.Build.0 = Release|Any CPU
	EndGlobalSection
	GlobalSection(SolutionProperties) = preSolution
		HideSolutionNode = FALSE
	EndGlobalSection
	GlobalSection(ExtensibilityGlobals) = postSolution
		SolutionGuid = {D5292D7C-D9B3-48D7-8472-3AD2C0E39528}
	EndGlobalSection
EndGlobal
